{
  "name": "gnomus",
  "lockfileVersion": 3,
  "requires": true,
  "packages": {
    "": {
      "dependencies": {
        "soundtouchjs": "^0.2.1"
      }
    },
    "node_modules/soundtouchjs": {
      "version": "0.2.1",
      "resolved": "https://registry.npmjs.org/soundtouchjs/-/soundtouchjs-0.2.1.tgz",
      "integrity": "sha512-ApYdqT4bHqvm6QTRzHDta8PzJIgLacaXdkzUnSdotHvk7N2Ugr9JqV3SlWYsFTsd4ceJHEJqT7JI5E2MYmuQ6w=="
    }
  }
}
